# THIS IS AN AUTOGENERATED FILE. DO NOT EDIT THIS FILE DIRECTLY.
# yarn lockfile v1


xterm-addon-attach@^0.6.0:
  version "0.6.0"
  resolved "https://registry.yarnpkg.com/xterm-addon-attach/-/xterm-addon-attach-0.6.0.tgz#220c23addd62ab88c9914e2d4c06f7407e44680e"
  integrity sha512-Mo8r3HTjI/EZfczVCwRU6jh438B4WLXxdFO86OB7bx0jGhwh2GdF4ifx/rP+OB+Cb2vmLhhVIZ00/7x3YSP3dg==

xterm@^4.14.1:
  version "4.14.1"
  resolved "https://registry.yarnpkg.com/xterm/-/xterm-4.14.1.tgz#6884cb8fb3b83353b1a98139ea23daedf8e35796"
  integrity sha512-jgzNg5BuGPwq5/M4dGnmbghZvHx2jaj+9crSEt15bV34Za49VziBmCu7zIy88zUKKiGTxeo7aVzirFSJArIMFw==
